version: 6
environments:
  default:
    channels:
    - url: https://conda.anaconda.org/conda-forge/
    packages:
      osx-arm64:
      - conda: https://conda.anaconda.org/conda-forge/noarch/aiofiles-24.1.0-pyhd8ed1ab_1.conda
      - conda: https://conda.anaconda.org/conda-forge/noarch/anyio-4.8.0-pyhd8ed1ab_0.conda
      - conda: https://conda.anaconda.org/conda-forge/noarch/asgi-csrf-0.11-pyhff2d567_0.conda
      - conda: https://conda.anaconda.org/conda-forge/noarch/asgiref-3.8.1-pyhd8ed1ab_1.conda
      - conda: https://conda.anaconda.org/conda-forge/osx-arm64/bzip2-1.0.8-h99b78c6_7.conda
      - conda: https://conda.anaconda.org/conda-forge/osx-arm64/ca-certificates-2024.12.14-hf0a4a13_0.conda
      - conda: https://conda.anaconda.org/conda-forge/noarch/certifi-2024.12.14-pyhd8ed1ab_0.conda
      - conda: https://conda.anaconda.org/conda-forge/noarch/click-8.1.8-pyh707e725_0.conda
      - conda: https://conda.anaconda.org/conda-forge/noarch/click-default-group-1.2.4-pyhd8ed1ab_1.conda
      - conda: https://conda.anaconda.org/conda-forge/noarch/datasette-0.65.1-pyhd8ed1ab_0.conda
      - conda: https://conda.anaconda.org/conda-forge/noarch/exceptiongroup-1.2.2-pyhd8ed1ab_1.conda
      - conda: https://conda.anaconda.org/conda-forge/noarch/flexcache-0.3-pyhd8ed1ab_1.conda
      - conda: https://conda.anaconda.org/conda-forge/noarch/flexparser-0.4-pyhd8ed1ab_1.conda
      - conda: https://conda.anaconda.org/conda-forge/noarch/git-history-0.6.1-pyhd8ed1ab_0.tar.bz2
      - conda: https://conda.anaconda.org/conda-forge/noarch/gitdb-4.0.12-pyhd8ed1ab_0.conda
      - conda: https://conda.anaconda.org/conda-forge/noarch/gitpython-3.1.44-pyhff2d567_0.conda
      - conda: https://conda.anaconda.org/conda-forge/noarch/h11-0.14.0-pyhd8ed1ab_1.conda
      - conda: https://conda.anaconda.org/conda-forge/noarch/h2-4.1.0-pyhd8ed1ab_1.conda
      - conda: https://conda.anaconda.org/conda-forge/noarch/hpack-4.0.0-pyhd8ed1ab_1.conda
      - conda: https://conda.anaconda.org/conda-forge/noarch/httpcore-1.0.7-pyh29332c3_1.conda
      - conda: https://conda.anaconda.org/conda-forge/noarch/httpx-0.28.1-pyhd8ed1ab_0.conda
      - conda: https://conda.anaconda.org/conda-forge/noarch/hupper-1.12.1-pyhd8ed1ab_1.conda
      - conda: https://conda.anaconda.org/conda-forge/noarch/hyperframe-6.0.1-pyhd8ed1ab_1.conda
      - conda: https://conda.anaconda.org/conda-forge/noarch/idna-3.10-pyhd8ed1ab_1.conda
      - conda: https://conda.anaconda.org/conda-forge/noarch/itsdangerous-2.2.0-pyhd8ed1ab_1.conda
      - conda: https://conda.anaconda.org/conda-forge/noarch/janus-2.0.0-pyhd8ed1ab_0.conda
      - conda: https://conda.anaconda.org/conda-forge/noarch/jinja2-3.1.5-pyhd8ed1ab_0.conda
      - conda: https://conda.anaconda.org/conda-forge/osx-arm64/libexpat-2.6.4-h286801f_0.conda
      - conda: https://conda.anaconda.org/conda-forge/osx-arm64/libffi-3.4.2-h3422bc3_5.tar.bz2
      - conda: https://conda.anaconda.org/conda-forge/osx-arm64/liblzma-5.6.3-h39f12f2_1.conda
      - conda: https://conda.anaconda.org/conda-forge/osx-arm64/libmpdec-4.0.0-h99b78c6_0.conda
      - conda: https://conda.anaconda.org/conda-forge/osx-arm64/libsqlite-3.47.2-h3f77e49_0.conda
      - conda: https://conda.anaconda.org/conda-forge/osx-arm64/libzlib-1.3.1-h8359307_2.conda
      - conda: https://conda.anaconda.org/conda-forge/osx-arm64/markupsafe-3.0.2-py313ha9b7d5b_1.conda
      - conda: https://conda.anaconda.org/conda-forge/noarch/mergedeep-1.3.4-pyhd8ed1ab_1.conda
      - conda: https://conda.anaconda.org/conda-forge/osx-arm64/ncurses-6.5-h5e97a16_2.conda
      - conda: https://conda.anaconda.org/conda-forge/osx-arm64/openssl-3.4.0-h81ee809_1.conda
      - conda: https://conda.anaconda.org/conda-forge/noarch/pip-24.3.1-pyh145f28c_2.conda
      - conda: https://conda.anaconda.org/conda-forge/noarch/platformdirs-4.3.6-pyhd8ed1ab_1.conda
      - conda: https://conda.anaconda.org/conda-forge/noarch/pluggy-1.5.0-pyhd8ed1ab_1.conda
      - conda: https://conda.anaconda.org/conda-forge/osx-arm64/python-3.13.1-h4f43103_104_cp313.conda
      - conda: https://conda.anaconda.org/conda-forge/noarch/python-dateutil-2.9.0.post0-pyhff2d567_1.conda
      - conda: https://conda.anaconda.org/conda-forge/noarch/python-multipart-0.0.20-pyhff2d567_0.conda
      - conda: https://conda.anaconda.org/conda-forge/osx-arm64/python_abi-3.13-5_cp313.conda
      - conda: https://conda.anaconda.org/conda-forge/osx-arm64/pyyaml-6.0.2-py313h20a7fcf_1.conda
      - conda: https://conda.anaconda.org/conda-forge/osx-arm64/readline-8.2-h92ec313_1.conda
      - conda: https://conda.anaconda.org/conda-forge/noarch/setuptools-75.8.0-pyhff2d567_0.conda
      - conda: https://conda.anaconda.org/conda-forge/noarch/six-1.17.0-pyhd8ed1ab_0.conda
      - conda: https://conda.anaconda.org/conda-forge/noarch/smmap-5.0.0-pyhd8ed1ab_0.tar.bz2
      - conda: https://conda.anaconda.org/conda-forge/noarch/sniffio-1.3.1-pyhd8ed1ab_1.conda
      - conda: https://conda.anaconda.org/conda-forge/osx-arm64/sqlite-3.47.2-hd7222ec_0.conda
      - conda: https://conda.anaconda.org/conda-forge/noarch/sqlite-fts4-1.0.3-pyhaa4b35c_1.conda
      - conda: https://conda.anaconda.org/conda-forge/noarch/sqlite-utils-3.38-pyh7fd3538_0.conda
      - conda: https://conda.anaconda.org/conda-forge/noarch/tabulate-0.9.0-pyhd8ed1ab_2.conda
      - conda: https://conda.anaconda.org/conda-forge/osx-arm64/tk-8.6.13-h5083fa2_1.conda
      - conda: https://conda.anaconda.org/conda-forge/noarch/typing-extensions-4.12.2-hd8ed1ab_1.conda
      - conda: https://conda.anaconda.org/conda-forge/noarch/typing_extensions-4.12.2-pyha770c72_1.conda
      - conda: https://conda.anaconda.org/conda-forge/noarch/tzdata-2024b-hc8b5060_0.conda
      - conda: https://conda.anaconda.org/conda-forge/noarch/uvicorn-0.34.0-pyh31011fe_0.conda
      - conda: https://conda.anaconda.org/conda-forge/osx-arm64/yaml-0.2.5-h3422bc3_2.tar.bz2
packages:
- conda: https://conda.anaconda.org/conda-forge/noarch/aiofiles-24.1.0-pyhd8ed1ab_1.conda
  sha256: 8e18809f00b0bfe504bc6180b80d844016690925ddf0e61272111eec079774c3
  md5: 7e8045a75e921648c082ba7cd7edd114
  depends:
  - python >=3.9
  license: Apache-2.0
  license_family: Apache
  size: 19712
  timestamp: 1733829125632
- conda: https://conda.anaconda.org/conda-forge/noarch/anyio-4.8.0-pyhd8ed1ab_0.conda
  sha256: f1455d2953e3eb6d71bc49881c8558d8e01888469dfd21061dd48afb6183e836
  md5: 848d25bfbadf020ee4d4ba90e5668252
  depends:
  - exceptiongroup >=1.0.2
  - idna >=2.8
  - python >=3.9
  - sniffio >=1.1
  - typing_extensions >=4.5
  constrains:
  - trio >=0.26.1
  - uvloop >=0.21
  license: MIT
  license_family: MIT
  size: 115305
  timestamp: 1736174485476
- conda: https://conda.anaconda.org/conda-forge/noarch/asgi-csrf-0.11-pyhff2d567_0.conda
  sha256: 6f39e5d7ead81f0eccf683ad1b96564f2e6efb9d2c6e04fcb3c8d568f8577b65
  md5: 4a24783093f2eaa40e1c5e090d5e56e2
  depends:
  - itsdangerous
  - python >=3.9
  - python-multipart
  license: Apache-2.0
  license_family: Apache
  size: 20786
  timestamp: 1731688600853
- conda: https://conda.anaconda.org/conda-forge/noarch/asgiref-3.8.1-pyhd8ed1ab_1.conda
  sha256: c8d51a32f3530e3ca176d8f7bf5621c68c7c1c03fe9cc5c3c49d8ba4a1248f43
  md5: 21187c8276f87b6aedfe63c267a6eed7
  depends:
  - python >=3.9
  - typing_extensions >=4
  license: BSD-3-Clause
  license_family: BSD
  size: 26436
  timestamp: 1733215704904
- conda: https://conda.anaconda.org/conda-forge/osx-arm64/bzip2-1.0.8-h99b78c6_7.conda
  sha256: adfa71f158cbd872a36394c56c3568e6034aa55c623634b37a4836bd036e6b91
  md5: fc6948412dbbbe9a4c9ddbbcfe0a79ab
  depends:
  - __osx >=11.0
  license: bzip2-1.0.6
  license_family: BSD
  size: 122909
  timestamp: 1720974522888
- conda: https://conda.anaconda.org/conda-forge/osx-arm64/ca-certificates-2024.12.14-hf0a4a13_0.conda
  sha256: 256be633fd0882ccc1a7a32bc278547e1703f85082c0789a87a603ee3ab8fb82
  md5: 7cb381a6783d91902638e4ed1ebd478e
  license: ISC
  size: 157091
  timestamp: 1734208344343
- conda: https://conda.anaconda.org/conda-forge/noarch/certifi-2024.12.14-pyhd8ed1ab_0.conda
  sha256: 048c16a9cbcb1fbad02083414d3bc7c1d0eea4b39aee6aa6bf8d1d5089ca8bad
  md5: 6feb87357ecd66733be3279f16a8c400
  depends:
  - python >=3.9
  license: ISC
  size: 161642
  timestamp: 1734380604767
- conda: https://conda.anaconda.org/conda-forge/noarch/click-8.1.8-pyh707e725_0.conda
  sha256: c920d23cd1fcf565031c679adb62d848af60d6fbb0edc2d50ba475cea4f0d8ab
  md5: f22f4d4970e09d68a10b922cbb0408d3
  depends:
  - __unix
  - python >=3.9
  license: BSD-3-Clause
  license_family: BSD
  size: 84705
  timestamp: 1734858922844
- conda: https://conda.anaconda.org/conda-forge/noarch/click-default-group-1.2.4-pyhd8ed1ab_1.conda
  sha256: cb7279eecddbd35ea78fd0e189a9a7db8b84c2c0e3b1271cf26251615f75dc4d
  md5: 7cd83dd6831b61ad9624a694e4afd7dc
  depends:
  - click
  - python >=3.9
  license: BSD-3-Clause
  license_family: BSD
  size: 10124
  timestamp: 1734029586298
- conda: https://conda.anaconda.org/conda-forge/noarch/datasette-0.65.1-pyhd8ed1ab_0.conda
  sha256: d2f6a7f646d020d3f2c412ab3e13afb4f3b6720d009a082b7ed1d5bd1efd42e9
  md5: e8b505313e0f685f4e2deab7fa213bf0
  depends:
  - aiofiles >=0.4
  - asgi-csrf >=0.9
  - asgiref >=3.2.10
  - click >=7.1.1
  - click-default-group >=1.2.3
  - flexcache >=0.3
  - flexparser >=0.3
  - httpx >=0.20
  - hupper >=1.9
  - itsdangerous >=1.1
  - janus >=0.6.2
  - jinja2 >=2.10.3
  - mergedeep >=1.1.1
  - pip
  - platformdirs >=2.1.0
  - pluggy >=1.0
  - python >=3.9
  - pyyaml >=5.3
  - setuptools
  - typing_extensions >=4.0.0
  - uvicorn >=0.11
  license: Apache-2.0
  license_family: APACHE
  size: 298964
  timestamp: 1732988165136
- conda: https://conda.anaconda.org/conda-forge/noarch/exceptiongroup-1.2.2-pyhd8ed1ab_1.conda
  sha256: cbde2c64ec317118fc06b223c5fd87c8a680255e7348dd60e7b292d2e103e701
  md5: a16662747cdeb9abbac74d0057cc976e
  depends:
  - python >=3.9
  license: MIT and PSF-2.0
  size: 20486
  timestamp: 1733208916977
- conda: https://conda.anaconda.org/conda-forge/noarch/flexcache-0.3-pyhd8ed1ab_1.conda
  sha256: acdb7b73d84268773fcc8192965994554411edc488ec3447925a62154e9d3baa
  md5: f1e618f2f783427019071b14a111b30d
  depends:
  - python >=3.9
  - typing-extensions
  license: BSD-3-Clause
  license_family: BSD
  size: 16674
  timestamp: 1733663669958
- conda: https://conda.anaconda.org/conda-forge/noarch/flexparser-0.4-pyhd8ed1ab_1.conda
  sha256: 9bdad0cd9fb6d67e48798c03930d634ea2d33a894d30439d3d7bdffd3c21af7b
  md5: 6dc4e43174cd552452fdb8c423e90e69
  depends:
  - python >=3.9
  - typing-extensions
  - typing_extensions
  license: BSD-3-Clause
  license_family: BSD
  size: 28686
  timestamp: 1733663636245
- conda: https://conda.anaconda.org/conda-forge/noarch/git-history-0.6.1-pyhd8ed1ab_0.tar.bz2
  sha256: 67dbc13161ff0ec87aacc4f35d2c90b357d5465ca37ac06f6b8a51f66c775e1a
  md5: 86fedb4808265ec3ffac8108558bb783
  depends:
  - click
  - gitpython
  - python >=3.6
  - sqlite-utils >=3.19
  license: Apache-2.0
  license_family: APACHE
  size: 20960
  timestamp: 1641801550579
- conda: https://conda.anaconda.org/conda-forge/noarch/gitdb-4.0.12-pyhd8ed1ab_0.conda
  sha256: dbbec21a369872c8ebe23cb9a3b9d63638479ee30face165aa0fccc96e93eec3
  md5: 7c14f3706e099f8fcd47af2d494616cc
  depends:
  - python >=3.9
  - smmap >=3.0.1,<6
  license: BSD-3-Clause
  license_family: BSD
  size: 53136
  timestamp: 1735887290843
- conda: https://conda.anaconda.org/conda-forge/noarch/gitpython-3.1.44-pyhff2d567_0.conda
  sha256: b996e717ca693e4e831d3d3143aca3abb47536561306195002b226fe4dde53c3
  md5: 140a4e944f7488467872e562a2a52789
  depends:
  - gitdb >=4.0.1,<5
  - python >=3.9
  - typing_extensions >=3.7.4.3
  license: BSD-3-Clause
  license_family: BSD
  size: 157200
  timestamp: 1735929768433
- conda: https://conda.anaconda.org/conda-forge/noarch/h11-0.14.0-pyhd8ed1ab_1.conda
  sha256: 622516185a7c740d5c7f27016d0c15b45782c1501e5611deec63fd70344ce7c8
  md5: 7ee49e89531c0dcbba9466f6d115d585
  depends:
  - python >=3.9
  - typing_extensions
  license: MIT
  license_family: MIT
  size: 51846
  timestamp: 1733327599467
- conda: https://conda.anaconda.org/conda-forge/noarch/h2-4.1.0-pyhd8ed1ab_1.conda
  sha256: 843ddad410c370672a8250470697027618f104153612439076d4d7b91eeb7b5c
  md5: 825927dc7b0f287ef8d4d0011bb113b1
  depends:
  - hpack >=4.0,<5
  - hyperframe >=6.0,<7
  - python >=3.9
  license: MIT
  license_family: MIT
  size: 52000
  timestamp: 1733298867359
- conda: https://conda.anaconda.org/conda-forge/noarch/hpack-4.0.0-pyhd8ed1ab_1.conda
  sha256: ec89b7e5b8aa2f0219f666084446e1fb7b54545861e9caa892acb24d125761b5
  md5: 2aa5ff7fa34a81b9196532c84c10d865
  depends:
  - python >=3.9
  license: MIT
  license_family: MIT
  size: 29412
  timestamp: 1733299296857
- conda: https://conda.anaconda.org/conda-forge/noarch/httpcore-1.0.7-pyh29332c3_1.conda
  sha256: c84d012a245171f3ed666a8bf9319580c269b7843ffa79f26468842da3abd5df
  md5: 2ca8e6dbc86525c8b95e3c0ffa26442e
  depends:
  - python >=3.8
  - h11 >=0.13,<0.15
  - h2 >=3,<5
  - sniffio 1.*
  - anyio >=3.0,<5.0
  - certifi
  license: BSD-3-Clause
  license_family: BSD
  size: 48959
  timestamp: 1731707562362
- conda: https://conda.anaconda.org/conda-forge/noarch/httpx-0.28.1-pyhd8ed1ab_0.conda
  sha256: cd0f1de3697b252df95f98383e9edb1d00386bfdd03fdf607fa42fe5fcb09950
  md5: d6989ead454181f4f9bc987d3dc4e285
  depends:
  - anyio
  - certifi
  - httpcore 1.*
  - idna
  - python >=3.9
  license: BSD-3-Clause
  license_family: BSD
  size: 63082
  timestamp: 1733663449209
- conda: https://conda.anaconda.org/conda-forge/noarch/hupper-1.12.1-pyhd8ed1ab_1.conda
  sha256: 030be6822861849cae6bbfb2faf07d53d0fd4467b076384b957ff6df010a2b92
  md5: d52c2bf2eef3dc8d48bae5115c57a173
  depends:
  - python >=3.9
  license: MIT
  license_family: MIT
  size: 25173
  timestamp: 1734025823074
- conda: https://conda.anaconda.org/conda-forge/noarch/hyperframe-6.0.1-pyhd8ed1ab_1.conda
  sha256: e91c6ef09d076e1d9a02819cd00fa7ee18ecf30cdd667605c853980216584d1b
  md5: 566e75c90c1d0c8c459eb0ad9833dc7a
  depends:
  - python >=3.9
  license: MIT
  license_family: MIT
  size: 17239
  timestamp: 1733298862681
- conda: https://conda.anaconda.org/conda-forge/noarch/idna-3.10-pyhd8ed1ab_1.conda
  sha256: d7a472c9fd479e2e8dcb83fb8d433fce971ea369d704ece380e876f9c3494e87
  md5: 39a4f67be3286c86d696df570b1201b7
  depends:
  - python >=3.9
  license: BSD-3-Clause
  license_family: BSD
  size: 49765
  timestamp: 1733211921194
- conda: https://conda.anaconda.org/conda-forge/noarch/itsdangerous-2.2.0-pyhd8ed1ab_1.conda
  sha256: 1684b7b16eec08efef5302ce298c606b163c18272b69a62b666fbaa61516f170
  md5: 7ac5f795c15f288984e32add616cdc59
  depends:
  - python >=3.9
  license: BSD-3-Clause
  license_family: BSD
  size: 19180
  timestamp: 1733308353037
- conda: https://conda.anaconda.org/conda-forge/noarch/janus-2.0.0-pyhd8ed1ab_0.conda
  sha256: 25b76ed3b81a0fb57d5b30da0219d07375f43d44c6912ed32b164f0146c52cad
  md5: 7976bc14a87522ab9af904e8aec3ee70
  depends:
  - python >=3.9
  license: Apache-2.0
  license_family: APACHE
  size: 17559
  timestamp: 1734211022944
- conda: https://conda.anaconda.org/conda-forge/noarch/jinja2-3.1.5-pyhd8ed1ab_0.conda
  sha256: 98977694b9ecaa3218662f843425f39501f81973c450f995eec68f1803ed71c3
  md5: 2752a6ed44105bfb18c9bef1177d9dcd
  depends:
  - markupsafe >=2.0
  - python >=3.9
  license: BSD-3-Clause
  license_family: BSD
  size: 112561
  timestamp: 1734824044952
- conda: https://conda.anaconda.org/conda-forge/osx-arm64/libexpat-2.6.4-h286801f_0.conda
  sha256: e42ab5ace927ee7c84e3f0f7d813671e1cf3529f5f06ee5899606630498c2745
  md5: 38d2656dd914feb0cab8c629370768bf
  depends:
  - __osx >=11.0
  constrains:
  - expat 2.6.4.*
  license: MIT
  license_family: MIT
  size: 64693
  timestamp: 1730967175868
- conda: https://conda.anaconda.org/conda-forge/osx-arm64/libffi-3.4.2-h3422bc3_5.tar.bz2
  sha256: 41b3d13efb775e340e4dba549ab5c029611ea6918703096b2eaa9c015c0750ca
  md5: 086914b672be056eb70fd4285b6783b6
  license: MIT
  license_family: MIT
  size: 39020
  timestamp: 1636488587153
- conda: https://conda.anaconda.org/conda-forge/osx-arm64/liblzma-5.6.3-h39f12f2_1.conda
  sha256: d863b8257406918ffdc50ae65502f2b2d6cede29404d09a094f59509d6a0aaf1
  md5: b2553114a7f5e20ccd02378a77d836aa
  depends:
  - __osx >=11.0
  license: 0BSD
  size: 99129
  timestamp: 1733407496073
- conda: https://conda.anaconda.org/conda-forge/osx-arm64/libmpdec-4.0.0-h99b78c6_0.conda
  sha256: f7917de9117d3a5fe12a39e185c7ce424f8d5010a6f97b4333e8a1dcb2889d16
  md5: 7476305c35dd9acef48da8f754eedb40
  depends:
  - __osx >=11.0
  license: BSD-2-Clause
  license_family: BSD
  size: 69263
  timestamp: 1723817629767
- conda: https://conda.anaconda.org/conda-forge/osx-arm64/libsqlite-3.47.2-h3f77e49_0.conda
  sha256: f192f3c8973de9ec4c214990715f13b781965247a5cedf9162e7f9e699cfc3c4
  md5: 122d6f29470f1a991e85608e77e56a8a
  depends:
  - __osx >=11.0
  - libzlib >=1.3.1,<2.0a0
  license: Unlicense
  size: 850553
  timestamp: 1733762057506
- conda: https://conda.anaconda.org/conda-forge/osx-arm64/libzlib-1.3.1-h8359307_2.conda
  sha256: ce34669eadaba351cd54910743e6a2261b67009624dbc7daeeafdef93616711b
  md5: 369964e85dc26bfe78f41399b366c435
  depends:
  - __osx >=11.0
  constrains:
  - zlib 1.3.1 *_2
  license: Zlib
  license_family: Other
  size: 46438
  timestamp: 1727963202283
- conda: https://conda.anaconda.org/conda-forge/osx-arm64/markupsafe-3.0.2-py313ha9b7d5b_1.conda
  sha256: 81759af8a9872c8926af3aa59dc4986eee90a0956d1ec820b42ac4f949a71211
  md5: 3acf05d8e42ff0d99820d2d889776fff
  depends:
  - __osx >=11.0
  - python >=3.13,<3.14.0a0
  - python >=3.13,<3.14.0a0 *_cp313
  - python_abi 3.13.* *_cp313
  constrains:
  - jinja2 >=3.0.0
  license: BSD-3-Clause
  license_family: BSD
  size: 24757
  timestamp: 1733219916634
- conda: https://conda.anaconda.org/conda-forge/noarch/mergedeep-1.3.4-pyhd8ed1ab_1.conda
  sha256: e5b555fd638334a253d83df14e3c913ef8ce10100090e17fd6fb8e752d36f95d
  md5: d9a8fc1f01deae61735c88ec242e855c
  depends:
  - python >=3.9
  license: MIT
  license_family: MIT
  size: 11676
  timestamp: 1734157119152
- conda: https://conda.anaconda.org/conda-forge/osx-arm64/ncurses-6.5-h5e97a16_2.conda
  sha256: b45c73348ec9841d5c893acc2e97adff24127548fe8c786109d03c41ed564e91
  md5: f6f7c5b7d0983be186c46c4f6f8f9af8
  depends:
  - __osx >=11.0
  license: X11 AND BSD-3-Clause
  size: 796754
  timestamp: 1736683572099
- conda: https://conda.anaconda.org/conda-forge/osx-arm64/openssl-3.4.0-h81ee809_1.conda
  sha256: 97772762abc70b3a537683ca9fc3ff3d6099eb64e4aba3b9c99e6fce48422d21
  md5: 22f971393637480bda8c679f374d8861
  depends:
  - __osx >=11.0
  - ca-certificates
  license: Apache-2.0
  license_family: Apache
  size: 2936415
  timestamp: 1736086108693
- conda: https://conda.anaconda.org/conda-forge/noarch/pip-24.3.1-pyh145f28c_2.conda
  sha256: 7a300e856215180d292f85d40708164cd19dfcdb521ecacb894daa81f13994d7
  md5: 76601b0ccfe1fe13a21a5f8813cb38de
  depends:
  - python >=3.13.0a0
  license: MIT
  license_family: MIT
  size: 1242403
  timestamp: 1734466282846
- conda: https://conda.anaconda.org/conda-forge/noarch/platformdirs-4.3.6-pyhd8ed1ab_1.conda
  sha256: bb50f6499e8bc1d1a26f17716c97984671121608dc0c3ecd34858112bce59a27
  md5: 577852c7e53901ddccc7e6a9959ddebe
  depends:
  - python >=3.9
  license: MIT
  license_family: MIT
  size: 20448
  timestamp: 1733232756001
- conda: https://conda.anaconda.org/conda-forge/noarch/pluggy-1.5.0-pyhd8ed1ab_1.conda
  sha256: 122433fc5318816b8c69283aaf267c73d87aa2d09ce39f64c9805c9a3b264819
  md5: e9dcbce5f45f9ee500e728ae58b605b6
  depends:
  - python >=3.9
  license: MIT
  license_family: MIT
  size: 23595
  timestamp: 1733222855563
- conda: https://conda.anaconda.org/conda-forge/osx-arm64/python-3.13.1-h4f43103_104_cp313.conda
  build_number: 104
  sha256: 43a79b480db396106ce0f2d814c0bb46f3cfa326bac6d28835ed986d9d82c42d
  md5: b26caf024639f563ecd862b457fe5256
  depends:
  - __osx >=11.0
  - bzip2 >=1.0.8,<2.0a0
  - libexpat >=2.6.4,<3.0a0
  - libffi >=3.4,<4.0a0
  - liblzma >=5.6.3,<6.0a0
  - libmpdec >=4.0.0,<5.0a0
  - libsqlite >=3.47.2,<4.0a0
  - libzlib >=1.3.1,<2.0a0
  - ncurses >=6.5,<7.0a0
  - openssl >=3.4.0,<4.0a0
  - python_abi 3.13.* *_cp313
  - readline >=8.2,<9.0a0
  - tk >=8.6.13,<8.7.0a0
  - tzdata
  license: Python-2.0
  size: 12903034
  timestamp: 1736328206229
  python_site_packages_path: lib/python3.13/site-packages
- conda: https://conda.anaconda.org/conda-forge/noarch/python-dateutil-2.9.0.post0-pyhff2d567_1.conda
  sha256: a50052536f1ef8516ed11a844f9413661829aa083304dc624c5925298d078d79
  md5: 5ba79d7c71f03c678c8ead841f347d6e
  depends:
  - python >=3.9
  - six >=1.5
  license: Apache-2.0
  license_family: APACHE
  size: 222505
  timestamp: 1733215763718
- conda: https://conda.anaconda.org/conda-forge/noarch/python-multipart-0.0.20-pyhff2d567_0.conda
  sha256: 1b03678d145b1675b757cba165a0d9803885807792f7eb4495e48a38858c3cca
  md5: a28c984e0429aff3ab7386f7de56de6f
  depends:
  - python >=3.9
  license: Apache-2.0
  license_family: Apache
  size: 27913
  timestamp: 1734420869885
- conda: https://conda.anaconda.org/conda-forge/osx-arm64/python_abi-3.13-5_cp313.conda
  build_number: 5
  sha256: 4437198eae80310f40b23ae2f8a9e0a7e5c2b9ae411a8621eb03d87273666199
  md5: b8e82d0a5c1664638f87f63cc5d241fb
  constrains:
  - python 3.13.* *_cp313
  license: BSD-3-Clause
  license_family: BSD
  size: 6322
  timestamp: 1723823058879
- conda: https://conda.anaconda.org/conda-forge/osx-arm64/pyyaml-6.0.2-py313h20a7fcf_1.conda
  sha256: f9fbafcf30cfab591c67f7550c0fd58e2bff394b53864dcdc658f5abd27ce5d6
  md5: bf2ddf70a9ce8f899b1082d17cbb3d1d
  depends:
  - __osx >=11.0
  - python >=3.13.0rc1,<3.14.0a0
  - python >=3.13.0rc1,<3.14.0a0 *_cp313
  - python_abi 3.13.* *_cp313
  - yaml >=0.2.5,<0.3.0a0
  license: MIT
  license_family: MIT
  size: 187550
  timestamp: 1725456463634
- conda: https://conda.anaconda.org/conda-forge/osx-arm64/readline-8.2-h92ec313_1.conda
  sha256: a1dfa679ac3f6007362386576a704ad2d0d7a02e98f5d0b115f207a2da63e884
  md5: 8cbb776a2f641b943d413b3e19df71f4
  depends:
  - ncurses >=6.3,<7.0a0
  license: GPL-3.0-only
  license_family: GPL
  size: 250351
  timestamp: 1679532511311
- conda: https://conda.anaconda.org/conda-forge/noarch/setuptools-75.8.0-pyhff2d567_0.conda
  sha256: e0778e4f276e9a81b51c56f51ec22a27b4d8fc955abc0be77ad09ca9bea06bb9
  md5: 8f28e299c11afdd79e0ec1e279dcdc52
  depends:
  - python >=3.9
  license: MIT
  license_family: MIT
  size: 775598
  timestamp: 1736512753595
- conda: https://conda.anaconda.org/conda-forge/noarch/six-1.17.0-pyhd8ed1ab_0.conda
  sha256: 41db0180680cc67c3fa76544ffd48d6a5679d96f4b71d7498a759e94edc9a2db
  md5: a451d576819089b0d672f18768be0f65
  depends:
  - python >=3.9
  license: MIT
  license_family: MIT
  size: 16385
  timestamp: 1733381032766
- conda: https://conda.anaconda.org/conda-forge/noarch/smmap-5.0.0-pyhd8ed1ab_0.tar.bz2
  sha256: 23011cb3e064525bdb8787c75126a2e78d2344a72cd6773922006d1da1f2af16
  md5: 62f26a3d1387acee31322208f0cfa3e0
  depends:
  - python >=3.5
  license: BSD-3-Clause
  license_family: BSD
  size: 22483
  timestamp: 1634310465482
- conda: https://conda.anaconda.org/conda-forge/noarch/sniffio-1.3.1-pyhd8ed1ab_1.conda
  sha256: c2248418c310bdd1719b186796ae50a8a77ce555228b6acd32768e2543a15012
  md5: bf7a226e58dfb8346c70df36065d86c9
  depends:
  - python >=3.9
  license: Apache-2.0
  license_family: Apache
  size: 15019
  timestamp: 1733244175724
- conda: https://conda.anaconda.org/conda-forge/osx-arm64/sqlite-3.47.2-hd7222ec_0.conda
  sha256: 7b7e81b1cfce888d8591c8e4a6df0a1854c291dcd2a623a371f806130bb01048
  md5: fcde11e05577e05f3b69b046822b7529
  depends:
  - __osx >=11.0
  - libsqlite 3.47.2 h3f77e49_0
  - libzlib >=1.3.1,<2.0a0
  - ncurses >=6.5,<7.0a0
  - readline >=8.2,<9.0a0
  arch: arm64
  platform: osx
  license: Unlicense
  size: 853604
  timestamp: 1733762084934
- conda: https://conda.anaconda.org/conda-forge/noarch/sqlite-fts4-1.0.3-pyhaa4b35c_1.conda
  sha256: 50045a7946deb292e31c50f9fb487eabc8c3d87e9d912ea073e8add3f9cbda0c
  md5: 41b9df532996914d8563564e7edc2bdd
  depends:
  - python >=3.9
  license: Apache-2.0
  license_family: APACHE
  size: 19130
  timestamp: 1734711168651
- conda: https://conda.anaconda.org/conda-forge/noarch/sqlite-utils-3.38-pyh7fd3538_0.conda
  sha256: 9fc3c08b39935990024c22165e655854df76ee50fb21ab518e15305887b3e0d5
  md5: aad1e9be342cfed41b64dadb0e316c6e
  depends:
  - click
  - click-default-group >=1.2.3
  - pluggy
  - python >=3.9
  - python-dateutil
  - sqlite-fts4
  - tabulate
  license: Apache-2.0
  license_family: APACHE
  size: 113797
  timestamp: 1732549096460
- conda: https://conda.anaconda.org/conda-forge/noarch/tabulate-0.9.0-pyhd8ed1ab_2.conda
  sha256: 090023bddd40d83468ef86573976af8c514f64119b2bd814ee63a838a542720a
  md5: 959484a66b4b76befcddc4fa97c95567
  depends:
  - python >=3.9
  license: MIT
  license_family: MIT
  size: 37554
  timestamp: 1733589854804
- conda: https://conda.anaconda.org/conda-forge/osx-arm64/tk-8.6.13-h5083fa2_1.conda
  sha256: 72457ad031b4c048e5891f3f6cb27a53cb479db68a52d965f796910e71a403a8
  md5: b50a57ba89c32b62428b71a875291c9b
  depends:
  - libzlib >=1.2.13,<2.0.0a0
  license: TCL
  license_family: BSD
  size: 3145523
  timestamp: 1699202432999
- conda: https://conda.anaconda.org/conda-forge/noarch/typing-extensions-4.12.2-hd8ed1ab_1.conda
  noarch: python
  sha256: c8e9c1c467b5f960b627d7adc1c65fece8e929a3de89967e91ef0f726422fd32
  md5: b6a408c64b78ec7b779a3e5c7a902433
  depends:
  - typing_extensions 4.12.2 pyha770c72_1
  license: PSF-2.0
  license_family: PSF
  size: 10075
  timestamp: 1733188758872
- conda: https://conda.anaconda.org/conda-forge/noarch/typing_extensions-4.12.2-pyha770c72_1.conda
  sha256: 337be7af5af8b2817f115b3b68870208b30c31d3439bec07bfb2d8f4823e3568
  md5: d17f13df8b65464ca316cbc000a3cb64
  depends:
  - python >=3.9
  license: PSF-2.0
  license_family: PSF
  size: 39637
  timestamp: 1733188758212
- conda: https://conda.anaconda.org/conda-forge/noarch/tzdata-2024b-hc8b5060_0.conda
  sha256: 4fde5c3008bf5d2db82f2b50204464314cc3c91c1d953652f7bd01d9e52aefdf
  md5: 8ac3367aafb1cc0a068483c580af8015
  license: LicenseRef-Public-Domain
  size: 122354
  timestamp: 1728047496079
- conda: https://conda.anaconda.org/conda-forge/noarch/uvicorn-0.34.0-pyh31011fe_0.conda
  sha256: 55c160b0cf9274e2b98bc0f7fcce548bffa8d788bc86aa02801877457040f6fa
  md5: 5d448feee86e4740498ec8f8eb40e052
  depends:
  - __unix
  - click >=7.0
  - h11 >=0.8
  - python >=3.9
  - typing_extensions >=4.0
  license: BSD-3-Clause
  license_family: BSD
  size: 48643
  timestamp: 1734293057914
- conda: https://conda.anaconda.org/conda-forge/osx-arm64/yaml-0.2.5-h3422bc3_2.tar.bz2
  sha256: 93181a04ba8cfecfdfb162fc958436d868cc37db504c58078eab4c1a3e57fbb7
  md5: 4bb3f014845110883a3c5ee811fd84b4
  license: MIT
  license_family: MIT
  size: 88016
  timestamp: 1641347076660
